
Microsoft Visual Studio Solution File, Format Version 12.00
# Visual Studio Version 17
VisualStudioVersion = 17.5.002.0
MinimumVisualStudioVersion = 10.0.40219.1
Project("{9A19103F-16F7-4668-BE54-9A1E7A4F7556}") = "Biblioteca", "Biblioteca\Biblioteca.csproj", "{CD254427-58D2-4148-9A70-1B0FB92A0C4F}"
EndProject
Project("{9A19103F-16F7-4668-BE54-9A1E7A4F7556}") = "Consola", "Consola\Consola.csproj", "{DF268999-98F1-47FC-8B08-62E3A4198287}"
EndProject
Global
	GlobalSection(SolutionConfigurationPlatforms) = preSolution
		Debug|Any CPU = Debug|Any CPU
		Release|Any CPU = Release|Any CPU
	EndGlobalSection
	GlobalSection(ProjectConfigurationPlatforms) = postSolution
		{CD254427-58D2-4148-9A70-1B0FB92A0C4F}.Debug|Any CPU.ActiveCfg = Debug|Any CPU
		{CD254427-58D2-4148-9A70-1B0FB92A0C4F}.Debug|Any CPU.Build.0 = Debug|Any CPU
		{CD254427-58D2-4148-9A70-1B0FB92A0C4F}.Release|Any CPU.ActiveCfg = Release|Any CPU
		{CD254427-58D2-4148-9A70-1B0FB92A0C4F}.Release|Any CPU.Build.0 = Release|Any CPU
		{DF268999-98F1-47FC-8B08-62E3A4198287}.Debug|Any CPU.ActiveCfg = Debug|Any CPU
		{DF268999-98F1-47FC-8B08-62E3A4198287}.Debug|Any CPU.Build.0 = Debug|Any CPU
		{DF268999-98F1-47FC-8B08-62E3A4198287}.Release|Any CPU.ActiveCfg = Release|Any CPU
		{DF268999-98F1-47FC-8B08-62E3A4198287}.Release|Any CPU.Build.0 = Release|Any CPU
	EndGlobalSection
	GlobalSection(SolutionProperties) = preSolution
		HideSolutionNode = FALSE
	EndGlobalSection
	GlobalSection(ExtensibilityGlobals) = postSolution
		SolutionGuid = {5757C58E-D4C5-4AD1-9671-5A9618DB1EE7}
	EndGlobalSection
EndGlobal
